// !$*UTF8*$!
{
	archiveVersion = 1;
	classes = {
	};
	objectVersion = 50;
	objects = {

/* Begin PBXBuildFile section */
		09A13F814A47198F024A6FCB /* Pods_dilidili_clientUITests.framework in Frameworks */ = {isa = PBXBuildFile; fileRef = 996D6B6CBAAAFB5FA336C26D /* Pods_dilidili_clientUITests.framework */; };
		2B948BC00FB3D48EDED08BD2 /* Pods_dilidili_clientTests.framework in Frameworks */ = {isa = PBXBuildFile; fileRef = 104AE13DFCE92C495FD30982 /* Pods_dilidili_clientTests.framework */; };
		8A428AB43F486820C36799E8 /* Pods_dilidili_client.framework in Frameworks */ = {isa = PBXBuildFile; fileRef = F7190C929283DE69E97CC129 /* Pods_dilidili_client.framework */; };
		9D094740208F34B40086B84C /* AppDelegate.swift in Sources */ = {isa = PBXBuildFile; fileRef = 9D09473F208F34B40086B84C /* AppDelegate.swift */; };
		9D094742208F34B40086B84C /* ViewController.swift in Sources */ = {isa = PBXBuildFile; fileRef = 9D094741208F34B40086B84C /* ViewController.swift */; };
		9D094745208F34B40086B84C /* Main.storyboard in Resources */ = {isa = PBXBuildFile; fileRef = 9D094743208F34B40086B84C /* Main.storyboard */; };
		9D094747208F34B60086B84C /* Assets.xcassets in Resources */ = {isa = PBXBuildFile; fileRef = 9D094746208F34B60086B84C /* Assets.xcassets */; };
		9D09474A208F34B60086B84C /* LaunchScreen.storyboard in Resources */ = {isa = PBXBuildFile; fileRef = 9D094748208F34B60086B84C /* LaunchScreen.storyboard */; };
		9D094755208F34B60086B84C /* dilidili_clientTests.swift in Sources */ = {isa = PBXBuildFile; fileRef = 9D094754208F34B60086B84C /* dilidili_clientTests.swift */; };
		9D094760208F34B60086B84C /* dilidili_clientUITests.swift in Sources */ = {isa = PBXBuildFile; fileRef = 9D09475F208F34B60086B84C /* dilidili_clientUITests.swift */; };
		9D8D1CD92090A37F00340464 /* HomeViewCollectionCell.swift in Sources */ = {isa = PBXBuildFile; fileRef = 9D8D1CD72090A37F00340464 /* HomeViewCollectionCell.swift */; };
		9D8D1CDA2090A37F00340464 /* HomeViewCollectionCell.xib in Resources */ = {isa = PBXBuildFile; fileRef = 9D8D1CD82090A37F00340464 /* HomeViewCollectionCell.xib */; };
		9D8D1CDF2090B84400340464 /* VideoPlayViewController.swift in Sources */ = {isa = PBXBuildFile; fileRef = 9D8D1CDE2090B84400340464 /* VideoPlayViewController.swift */; };
		9D8D1CE2209106A700340464 /* VideoPlayTableViewCell.swift in Sources */ = {isa = PBXBuildFile; fileRef = 9D8D1CE0209106A700340464 /* VideoPlayTableViewCell.swift */; };
		9D8D1CE3209106A700340464 /* VideoPlayTableViewCell.xib in Resources */ = {isa = PBXBuildFile; fileRef = 9D8D1CE1209106A700340464 /* VideoPlayTableViewCell.xib */; };
		9DCB17CB208F9F9100CF7562 /* HomeViewController.swift in Sources */ = {isa = PBXBuildFile; fileRef = 9DCB17CA208F9F9100CF7562 /* HomeViewController.swift */; };
		9DCB17CD208F9FA000CF7562 /* MineViewController.swift in Sources */ = {isa = PBXBuildFile; fileRef = 9DCB17CC208F9FA000CF7562 /* MineViewController.swift */; };
		9DCB17D4208FB15800CF7562 /* MiniTabBarController.swift in Sources */ = {isa = PBXBuildFile; fileRef = 9DCB17D3208FB15800CF7562 /* MiniTabBarController.swift */; };
/* End PBXBuildFile section */

/* Begin PBXContainerItemProxy section */
		9D094751208F34B60086B84C /* PBXContainerItemProxy */ = {
			isa = PBXContainerItemProxy;
			containerPortal = 9D094734208F34B40086B84C /* Project object */;
			proxyType = 1;
			remoteGlobalIDString = 9D09473B208F34B40086B84C;
			remoteInfo = "dilidili-client";
		};
		9D09475C208F34B60086B84C /* PBXContainerItemProxy */ = {
			isa = PBXContainerItemProxy;
			containerPortal = 9D094734208F34B40086B84C /* Project object */;
			proxyType = 1;
			remoteGlobalIDString = 9D09473B208F34B40086B84C;
			remoteInfo = "dilidili-client";
		};
/* End PBXContainerItemProxy section */

/* Begin PBXFileReference section */
		104AE13DFCE92C495FD30982 /* Pods_dilidili_clientTests.framework */ = {isa = PBXFileReference; explicitFileType = wrapper.framework; includeInIndex = 0; path = Pods_dilidili_clientTests.framework; sourceTree = BUILT_PRODUCTS_DIR; };
		41214CFB7DA6C577E9A62186 /* Pods-dilidili-client.release.xcconfig */ = {isa = PBXFileReference; includeInIndex = 1; lastKnownFileType = text.xcconfig; name = "Pods-dilidili-client.release.xcconfig"; path = "Pods/Target Support Files/Pods-dilidili-client/Pods-dilidili-client.release.xcconfig"; sourceTree = "<group>"; };
		58947B21B29F02170EE69891 /* Pods-dilidili-clientUITests.debug.xcconfig */ = {isa = PBXFileReference; includeInIndex = 1; lastKnownFileType = text.xcconfig; name = "Pods-dilidili-clientUITests.debug.xcconfig"; path = "Pods/Target Support Files/Pods-dilidili-clientUITests/Pods-dilidili-clientUITests.debug.xcconfig"; sourceTree = "<group>"; };
		8A25178B47AFAB5FC1821AA8 /* Pods-dilidili-client.debug.xcconfig */ = {isa = PBXFileReference; includeInIndex = 1; lastKnownFileType = text.xcconfig; name = "Pods-dilidili-client.debug.xcconfig"; path = "Pods/Target Support Files/Pods-dilidili-client/Pods-dilidili-client.debug.xcconfig"; sourceTree = "<group>"; };
		996D6B6CBAAAFB5FA336C26D /* Pods_dilidili_clientUITests.framework */ = {isa = PBXFileReference; explicitFileType = wrapper.framework; includeInIndex = 0; path = Pods_dilidili_clientUITests.framework; sourceTree = BUILT_PRODUCTS_DIR; };
		9D0604B020A32A4200BF3F4A /* dilidili-client.entitlements */ = {isa = PBXFileReference; lastKnownFileType = text.plist.entitlements; path = "dilidili-client.entitlements"; sourceTree = "<group>"; };
		9D09473C208F34B40086B84C /* dilidili-client.app */ = {isa = PBXFileReference; explicitFileType = wrapper.application; includeInIndex = 0; path = "dilidili-client.app"; sourceTree = BUILT_PRODUCTS_DIR; };
		9D09473F208F34B40086B84C /* AppDelegate.swift */ = {isa = PBXFileReference; lastKnownFileType = sourcecode.swift; path = AppDelegate.swift; sourceTree = "<group>"; };
		9D094741208F34B40086B84C /* ViewController.swift */ = {isa = PBXFileReference; lastKnownFileType = sourcecode.swift; path = ViewController.swift; sourceTree = "<group>"; };
		9D094744208F34B40086B84C /* Base */ = {isa = PBXFileReference; lastKnownFileType = file.storyboard; name = Base; path = Base.lproj/Main.storyboard; sourceTree = "<group>"; };
		9D094746208F34B60086B84C /* Assets.xcassets */ = {isa = PBXFileReference; lastKnownFileType = folder.assetcatalog; path = Assets.xcassets; sourceTree = "<group>"; };
		9D094749208F34B60086B84C /* Base */ = {isa = PBXFileReference; lastKnownFileType = file.storyboard; name = Base; path = Base.lproj/LaunchScreen.storyboard; sourceTree = "<group>"; };
		9D09474B208F34B60086B84C /* Info.plist */ = {isa = PBXFileReference; lastKnownFileType = text.plist.xml; path = Info.plist; sourceTree = "<group>"; };
		9D094750208F34B60086B84C /* dilidili-clientTests.xctest */ = {isa = PBXFileReference; explicitFileType = wrapper.cfbundle; includeInIndex = 0; path = "dilidili-clientTests.xctest"; sourceTree = BUILT_PRODUCTS_DIR; };
		9D094754208F34B60086B84C /* dilidili_clientTests.swift */ = {isa = PBXFileReference; lastKnownFileType = sourcecode.swift; path = dilidili_clientTests.swift; sourceTree = "<group>"; };
		9D094756208F34B60086B84C /* Info.plist */ = {isa = PBXFileReference; lastKnownFileType = text.plist.xml; path = Info.plist; sourceTree = "<group>"; };
		9D09475B208F34B60086B84C /* dilidili-clientUITests.xctest */ = {isa = PBXFileReference; explicitFileType = wrapper.cfbundle; includeInIndex = 0; path = "dilidili-clientUITests.xctest"; sourceTree = BUILT_PRODUCTS_DIR; };
		9D09475F208F34B60086B84C /* dilidili_clientUITests.swift */ = {isa = PBXFileReference; lastKnownFileType = sourcecode.swift; path = dilidili_clientUITests.swift; sourceTree = "<group>"; };
		9D094761208F34B60086B84C /* Info.plist */ = {isa = PBXFileReference; lastKnownFileType = text.plist.xml; path = Info.plist; sourceTree = "<group>"; };
		9D8D1CD72090A37F00340464 /* HomeViewCollectionCell.swift */ = {isa = PBXFileReference; lastKnownFileType = sourcecode.swift; path = HomeViewCollectionCell.swift; sourceTree = "<group>"; };
		9D8D1CD82090A37F00340464 /* HomeViewCollectionCell.xib */ = {isa = PBXFileReference; lastKnownFileType = file.xib; path = HomeViewCollectionCell.xib; sourceTree = "<group>"; };
		9D8D1CDE2090B84400340464 /* VideoPlayViewController.swift */ = {isa = PBXFileReference; lastKnownFileType = sourcecode.swift; path = VideoPlayViewController.swift; sourceTree = "<group>"; };
		9D8D1CE0209106A700340464 /* VideoPlayTableViewCell.swift */ = {isa = PBXFileReference; lastKnownFileType = sourcecode.swift; path = VideoPlayTableViewCell.swift; sourceTree = "<group>"; };
		9D8D1CE1209106A700340464 /* VideoPlayTableViewCell.xib */ = {isa = PBXFileReference; lastKnownFileType = file.xib; path = VideoPlayTableViewCell.xib; sourceTree = "<group>"; };
		9DCB17CA208F9F9100CF7562 /* HomeViewController.swift */ = {isa = PBXFileReference; lastKnownFileType = sourcecode.swift; path = HomeViewController.swift; sourceTree = "<group>"; };
		9DCB17CC208F9FA000CF7562 /* MineViewController.swift */ = {isa = PBXFileReference; lastKnownFileType = sourcecode.swift; path = MineViewController.swift; sourceTree = "<group>"; };
		9DCB17D3208FB15800CF7562 /* MiniTabBarController.swift */ = {isa = PBXFileReference; lastKnownFileType = sourcecode.swift; path = MiniTabBarController.swift; sourceTree = "<group>"; };
		B3E238DC9474F52B97A508DC /* Pods-dilidili-clientTests.debug.xcconfig */ = {isa = PBXFileReference; includeInIndex = 1; lastKnownFileType = text.xcconfig; name = "Pods-dilidili-clientTests.debug.xcconfig"; path = "Pods/Target Support Files/Pods-dilidili-clientTests/Pods-dilidili-clientTests.debug.xcconfig"; sourceTree = "<group>"; };
		DB39D6397B9557ADB011CB6D /* Pods-dilidili-clientUITests.release.xcconfig */ = {isa = PBXFileReference; includeInIndex = 1; lastKnownFileType = text.xcconfig; name = "Pods-dilidili-clientUITests.release.xcconfig"; path = "Pods/Target Support Files/Pods-dilidili-clientUITests/Pods-dilidili-clientUITests.release.xcconfig"; sourceTree = "<group>"; };
		F0268BFDFAB6490D7B0084A2 /* Pods-dilidili-clientTests.release.xcconfig */ = {isa = PBXFileReference; includeInIndex = 1; lastKnownFileType = text.xcconfig; name = "Pods-dilidili-clientTests.release.xcconfig"; path = "Pods/Target Support Files/Pods-dilidili-clientTests/Pods-dilidili-clientTests.release.xcconfig"; sourceTree = "<group>"; };
		F7190C929283DE69E97CC129 /* Pods_dilidili_client.framework */ = {isa = PBXFileReference; explicitFileType = wrapper.framework; includeInIndex = 0; path = Pods_dilidili_client.framework; sourceTree = BUILT_PRODUCTS_DIR; };
/* End PBXFileReference section */

/* Begin PBXFrameworksBuildPhase section */
		9D094739208F34B40086B84C /* Frameworks */ = {
			isa = PBXFrameworksBuildPhase;
			buildActionMask = 2147483647;
			files = (
				8A428AB43F486820C36799E8 /* Pods_dilidili_client.framework in Frameworks */,
			);
			runOnlyForDeploymentPostprocessing = 0;
		};
		9D09474D208F34B60086B84C /* Frameworks */ = {
			isa = PBXFrameworksBuildPhase;
			buildActionMask = 2147483647;
			files = (
				2B948BC00FB3D48EDED08BD2 /* Pods_dilidili_clientTests.framework in Frameworks */,
			);
			runOnlyForDeploymentPostprocessing = 0;
		};
		9D094758208F34B60086B84C /* Frameworks */ = {
			isa = PBXFrameworksBuildPhase;
			buildActionMask = 2147483647;
			files = (
				09A13F814A47198F024A6FCB /* Pods_dilidili_clientUITests.framework in Frameworks */,
			);
			runOnlyForDeploymentPostprocessing = 0;
		};
/* End PBXFrameworksBuildPhase section */

/* Begin PBXGroup section */
		00432709F524A9F0CAEDA455 /* Frameworks */ = {
			isa = PBXGroup;
			children = (
				F7190C929283DE69E97CC129 /* Pods_dilidili_client.framework */,
				104AE13DFCE92C495FD30982 /* Pods_dilidili_clientTests.framework */,
				996D6B6CBAAAFB5FA336C26D /* Pods_dilidili_clientUITests.framework */,
			);
			name = Frameworks;
			sourceTree = "<group>";
		};
		676CC7A093C39B2C0A7DEB9C /* Pods */ = {
			isa = PBXGroup;
			children = (
				8A25178B47AFAB5FC1821AA8 /* Pods-dilidili-client.debug.xcconfig */,
				41214CFB7DA6C577E9A62186 /* Pods-dilidili-client.release.xcconfig */,
				B3E238DC9474F52B97A508DC /* Pods-dilidili-clientTests.debug.xcconfig */,
				F0268BFDFAB6490D7B0084A2 /* Pods-dilidili-clientTests.release.xcconfig */,
				58947B21B29F02170EE69891 /* Pods-dilidili-clientUITests.debug.xcconfig */,
				DB39D6397B9557ADB011CB6D /* Pods-dilidili-clientUITests.release.xcconfig */,
			);
			name = Pods;
			sourceTree = "<group>";
		};
		9D094733208F34B40086B84C = {
			isa = PBXGroup;
			children = (
				9D09473E208F34B40086B84C /* dilidili-client */,
				9D094753208F34B60086B84C /* dilidili-clientTests */,
				9D09475E208F34B60086B84C /* dilidili-clientUITests */,
				9D09473D208F34B40086B84C /* Products */,
				676CC7A093C39B2C0A7DEB9C /* Pods */,
				00432709F524A9F0CAEDA455 /* Frameworks */,
			);
			sourceTree = "<group>";
		};
		9D09473D208F34B40086B84C /* Products */ = {
			isa = PBXGroup;
			children = (
				9D09473C208F34B40086B84C /* dilidili-client.app */,
				9D094750208F34B60086B84C /* dilidili-clientTests.xctest */,
				9D09475B208F34B60086B84C /* dilidili-clientUITests.xctest */,
			);
			name = Products;
			sourceTree = "<group>";
		};
		9D09473E208F34B40086B84C /* dilidili-client */ = {
			isa = PBXGroup;
			children = (
				9D0604B020A32A4200BF3F4A /* dilidili-client.entitlements */,
				9D09473F208F34B40086B84C /* AppDelegate.swift */,
				9DCB17D3208FB15800CF7562 /* MiniTabBarController.swift */,
				9D094741208F34B40086B84C /* ViewController.swift */,
				9DCB17CA208F9F9100CF7562 /* HomeViewController.swift */,
				9D8D1CD72090A37F00340464 /* HomeViewCollectionCell.swift */,
				9D8D1CD82090A37F00340464 /* HomeViewCollectionCell.xib */,
				9D8D1CDE2090B84400340464 /* VideoPlayViewController.swift */,
				9D8D1CE0209106A700340464 /* VideoPlayTableViewCell.swift */,
				9D8D1CE1209106A700340464 /* VideoPlayTableViewCell.xib */,
				9D094746208F34B60086B84C /* Assets.xcassets */,
				9DCB17CC208F9FA000CF7562 /* MineViewController.swift */,
				9D094743208F34B40086B84C /* Main.storyboard */,
				9D094748208F34B60086B84C /* LaunchScreen.storyboard */,
				9D09474B208F34B60086B84C /* Info.plist */,
			);
			path = "dilidili-client";
			sourceTree = "<group>";
		};
		9D094753208F34B60086B84C /* dilidili-clientTests */ = {
			isa = PBXGroup;
			children = (
				9D094754208F34B60086B84C /* dilidili_clientTests.swift */,
				9D094756208F34B60086B84C /* Info.plist */,
			);
			path = "dilidili-clientTests";
			sourceTree = "<group>";
		};
		9D09475E208F34B60086B84C /* dilidili-clientUITests */ = {
			isa = PBXGroup;
			children = (
				9D09475F208F34B60086B84C /* dilidili_clientUITests.swift */,
				9D094761208F34B60086B84C /* Info.plist */,
			);
			path = "dilidili-clientUITests";
			sourceTree = "<group>";
		};
/* End PBXGroup section */

/* Begin PBXNativeTarget section */
		9D09473B208F34B40086B84C /* dilidili-client */ = {
			isa = PBXNativeTarget;
			buildConfigurationList = 9D094764208F34B60086B84C /* Build configuration list for PBXNativeTarget "dilidili-client" */;
			buildPhases = (
				5AE3B2ABAF3F72B78C2250A0 /* [CP] Check Pods Manifest.lock */,
				9D094738208F34B40086B84C /* Sources */,
				9D094739208F34B40086B84C /* Frameworks */,
				9D09473A208F34B40086B84C /* Resources */,
				7A32E428B75CCA76CD386563 /* [CP] Embed Pods Frameworks */,
				9AA86859949AD6FF19504346 /* [CP] Copy Pods Resources */,
			);
			buildRules = (
			);
			dependencies = (
			);
			name = "dilidili-client";
			productName = "dilidili-client";
			productReference = 9D09473C208F34B40086B84C /* dilidili-client.app */;
			productType = "com.apple.product-type.application";
		};
		9D09474F208F34B60086B84C /* dilidili-clientTests */ = {
			isa = PBXNativeTarget;
			buildConfigurationList = 9D094767208F34B60086B84C /* Build configuration list for PBXNativeTarget "dilidili-clientTests" */;
			buildPhases = (
				4664D8B20CACE7BCCB3E4801 /* [CP] Check Pods Manifest.lock */,
				9D09474C208F34B60086B84C /* Sources */,
				9D09474D208F34B60086B84C /* Frameworks */,
				9D09474E208F34B60086B84C /* Resources */,
				6BBA7D5E7F64795A54AEE2F1 /* [CP] Embed Pods Frameworks */,
				B74EA1DBE9FC625F0963D903 /* [CP] Copy Pods Resources */,
			);
			buildRules = (
			);
			dependencies = (
				9D094752208F34B60086B84C /* PBXTargetDependency */,
			);
			name = "dilidili-clientTests";
			productName = "dilidili-clientTests";
			productReference = 9D094750208F34B60086B84C /* dilidili-clientTests.xctest */;
			productType = "com.apple.product-type.bundle.unit-test";
		};
		9D09475A208F34B60086B84C /* dilidili-clientUITests */ = {
			isa = PBXNativeTarget;
			buildConfigurationList = 9D09476A208F34B60086B84C /* Build configuration list for PBXNativeTarget "dilidili-clientUITests" */;
			buildPhases = (
				C283A961C8546D1FD2D45CF2 /* [CP] Check Pods Manifest.lock */,
				9D094757208F34B60086B84C /* Sources */,
				9D094758208F34B60086B84C /* Frameworks */,
				9D094759208F34B60086B84C /* Resources */,
				7575A3CA4380E5DD08F7D624 /* [CP] Embed Pods Frameworks */,
				ED9C463B876F60218D174396 /* [CP] Copy Pods Resources */,
			);
			buildRules = (
			);
			dependencies = (
				9D09475D208F34B60086B84C /* PBXTargetDependency */,
			);
			name = "dilidili-clientUITests";
			productName = "dilidili-clientUITests";
			productReference = 9D09475B208F34B60086B84C /* dilidili-clientUITests.xctest */;
			productType = "com.apple.product-type.bundle.ui-testing";
		};
/* End PBXNativeTarget section */

/* Begin PBXProject section */
		9D094734208F34B40086B84C /* Project object */ = {
			isa = PBXProject;
			attributes = {
				LastSwiftUpdateCheck = 0930;
				LastUpgradeCheck = 0930;
				ORGANIZATIONNAME = caoxuerui;
				TargetAttributes = {
					9D09473B208F34B40086B84C = {
						CreatedOnToolsVersion = 9.3;
						SystemCapabilities = {
							com.apple.BackgroundModes = {
								enabled = 1;
							};
							com.apple.Push = {
								enabled = 1;
							};
						};
					};
					9D09474F208F34B60086B84C = {
						CreatedOnToolsVersion = 9.3;
						TestTargetID = 9D09473B208F34B40086B84C;
					};
					9D09475A208F34B60086B84C = {
						CreatedOnToolsVersion = 9.3;
						TestTargetID = 9D09473B208F34B40086B84C;
					};
				};
			};
			buildConfigurationList = 9D094737208F34B40086B84C /* Build configuration list for PBXProject "dilidili-client" */;
			compatibilityVersion = "Xcode 9.3";
			developmentRegion = en;
			hasScannedForEncodings = 0;
			knownRegions = (
				en,
				Base,
			);
			mainGroup = 9D094733208F34B40086B84C;
			productRefGroup = 9D09473D208F34B40086B84C /* Products */;
			projectDirPath = "";
			projectRoot = "";
			targets = (
				9D09473B208F34B40086B84C /* dilidili-client */,
				9D09474F208F34B60086B84C /* dilidili-clientTests */,
				9D09475A208F34B60086B84C /* dilidili-clientUITests */,
			);
		};
/* End PBXProject section */

/* Begin PBXResourcesBuildPhase section */
		9D09473A208F34B40086B84C /* Resources */ = {
			isa = PBXResourcesBuildPhase;
			buildActionMask = 2147483647;
			files = (
				9D09474A208F34B60086B84C /* LaunchScreen.storyboard in Resources */,
				9D8D1CE3209106A700340464 /* VideoPlayTableViewCell.xib in Resources */,
				9D094747208F34B60086B84C /* Assets.xcassets in Resources */,
				9D094745208F34B40086B84C /* Main.storyboard in Resources */,
				9D8D1CDA2090A37F00340464 /* HomeViewCollectionCell.xib in Resources */,
			);
			runOnlyForDeploymentPostprocessing = 0;
		};
		9D09474E208F34B60086B84C /* Resources */ = {
			isa = PBXResourcesBuildPhase;
			buildActionMask = 2147483647;
			files = (
			);
			runOnlyForDeploymentPostprocessing = 0;
		};
		9D094759208F34B60086B84C /* Resources */ = {
			isa = PBXResourcesBuildPhase;
			buildActionMask = 2147483647;
			files = (
			);
			runOnlyForDeploymentPostprocessing = 0;
		};
/* End PBXResourcesBuildPhase section */

/* Begin PBXShellScriptBuildPhase section */
		4664D8B20CACE7BCCB3E4801 /* [CP] Check Pods Manifest.lock */ = {
			isa = PBXShellScriptBuildPhase;
			buildActionMask = 2147483647;
			files = (
			);
			inputPaths = (
				"${PODS_PODFILE_DIR_PATH}/Podfile.lock",
				"${PODS_ROOT}/Manifest.lock",
			);
			name = "[CP] Check Pods Manifest.lock";
			outputPaths = (
				"$(DERIVED_FILE_DIR)/Pods-dilidili-clientTests-checkManifestLockResult.txt",
			);
			runOnlyForDeploymentPostprocessing = 0;
			shellPath = /bin/sh;
			shellScript = "diff \"${PODS_PODFILE_DIR_PATH}/Podfile.lock\" \"${PODS_ROOT}/Manifest.lock\" > /dev/null\nif [ $? != 0 ] ; then\n    # print error to STDERR\n    echo \"error: The sandbox is not in sync with the Podfile.lock. Run 'pod install' or update your CocoaPods installation.\" >&2\n    exit 1\nfi\n# This output is used by Xcode 'outputs' to avoid re-running this script phase.\necho \"SUCCESS\" > \"${SCRIPT_OUTPUT_FILE_0}\"\n";
			showEnvVarsInLog = 0;
		};
		5AE3B2ABAF3F72B78C2250A0 /* [CP] Check Pods Manifest.lock */ = {
			isa = PBXShellScriptBuildPhase;
			buildActionMask = 2147483647;
			files = (
			);
			inputPaths = (
				"${PODS_PODFILE_DIR_PATH}/Podfile.lock",
				"${PODS_ROOT}/Manifest.lock",
			);
			name = "[CP] Check Pods Manifest.lock";
			outputPaths = (
				"$(DERIVED_FILE_DIR)/Pods-dilidili-client-checkManifestLockResult.txt",
			);
			runOnlyForDeploymentPostprocessing = 0;
			shellPath = /bin/sh;
			shellScript = "diff \"${PODS_PODFILE_DIR_PATH}/Podfile.lock\" \"${PODS_ROOT}/Manifest.lock\" > /dev/null\nif [ $? != 0 ] ; then\n    # print error to STDERR\n    echo \"error: The sandbox is not in sync with the Podfile.lock. Run 'pod install' or update your CocoaPods installation.\" >&2\n    exit 1\nfi\n# This output is used by Xcode 'outputs' to avoid re-running this script phase.\necho \"SUCCESS\" > \"${SCRIPT_OUTPUT_FILE_0}\"\n";
			showEnvVarsInLog = 0;
		};
		6BBA7D5E7F64795A54AEE2F1 /* [CP] Embed Pods Frameworks */ = {
			isa = PBXShellScriptBuildPhase;
			buildActionMask = 2147483647;
			files = (
			);
			inputPaths = (
			);
			name = "[CP] Embed Pods Frameworks";
			outputPaths = (
			);
			runOnlyForDeploymentPostprocessing = 0;
			shellPath = /bin/sh;
			shellScript = "\"${SRCROOT}/Pods/Target Support Files/Pods-dilidili-clientTests/Pods-dilidili-clientTests-frameworks.sh\"\n";
			showEnvVarsInLog = 0;
		};
		7575A3CA4380E5DD08F7D624 /* [CP] Embed Pods Frameworks */ = {
			isa = PBXShellScriptBuildPhase;
			buildActionMask = 2147483647;
			files = (
			);
			inputPaths = (
			);
			name = "[CP] Embed Pods Frameworks";
			outputPaths = (
			);
			runOnlyForDeploymentPostprocessing = 0;
			shellPath = /bin/sh;
			shellScript = "\"${SRCROOT}/Pods/Target Support Files/Pods-dilidili-clientUITests/Pods-dilidili-clientUITests-frameworks.sh\"\n";
			showEnvVarsInLog = 0;
		};
		7A32E428B75CCA76CD386563 /* [CP] Embed Pods Frameworks */ = {
			isa = PBXShellScriptBuildPhase;
			buildActionMask = 2147483647;
			files = (
			);
			inputPaths = (
				"${SRCROOT}/Pods/Target Support Files/Pods-dilidili-client/Pods-dilidili-client-frameworks.sh",
				"${BUILT_PRODUCTS_DIR}/Alamofire/Alamofire.framework",
				"${BUILT_PRODUCTS_DIR}/BMPlayer/BMPlayer.framework",
				"${BUILT_PRODUCTS_DIR}/NVActivityIndicatorView/NVActivityIndicatorView.framework",
				"${BUILT_PRODUCTS_DIR}/SnapKit/SnapKit.framework",
				"${BUILT_PRODUCTS_DIR}/SwiftyJSON/SwiftyJSON.framework",
			);
			name = "[CP] Embed Pods Frameworks";
			outputPaths = (
				"${TARGET_BUILD_DIR}/${FRAMEWORKS_FOLDER_PATH}/Alamofire.framework",
				"${TARGET_BUILD_DIR}/${FRAMEWORKS_FOLDER_PATH}/BMPlayer.framework",
				"${TARGET_BUILD_DIR}/${FRAMEWORKS_FOLDER_PATH}/NVActivityIndicatorView.framework",
				"${TARGET_BUILD_DIR}/${FRAMEWORKS_FOLDER_PATH}/SnapKit.framework",
				"${TARGET_BUILD_DIR}/${FRAMEWORKS_FOLDER_PATH}/SwiftyJSON.framework",
			);
			runOnlyForDeploymentPostprocessing = 0;
			shellPath = /bin/sh;
			shellScript = "\"${SRCROOT}/Pods/Target Support Files/Pods-dilidili-client/Pods-dilidili-client-frameworks.sh\"\n";
			showEnvVarsInLog = 0;
		};
		9AA86859949AD6FF19504346 /* [CP] Copy Pods Resources */ = {
			isa = PBXShellScriptBuildPhase;
			buildActionMask = 2147483647;
			files = (
			);
			inputPaths = (
			);
			name = "[CP] Copy Pods Resources";
			outputPaths = (
			);
			runOnlyForDeploymentPostprocessing = 0;
			shellPath = /bin/sh;
			shellScript = "\"${SRCROOT}/Pods/Target Support Files/Pods-dilidili-client/Pods-dilidili-client-resources.sh\"\n";
			showEnvVarsInLog = 0;
		};
		B74EA1DBE9FC625F0963D903 /* [CP] Copy Pods Resources */ = {
			isa = PBXShellScriptBuildPhase;
			buildActionMask = 2147483647;
			files = (
			);
			inputPaths = (
			);
			name = "[CP] Copy Pods Resources";
			outputPaths = (
			);
			runOnlyForDeploymentPostprocessing = 0;
			shellPath = /bin/sh;
			shellScript = "\"${SRCROOT}/Pods/Target Support Files/Pods-dilidili-clientTests/Pods-dilidili-clientTests-resources.sh\"\n";
			showEnvVarsInLog = 0;
		};
		C283A961C8546D1FD2D45CF2 /* [CP] Check Pods Manifest.lock */ = {
			isa = PBXShellScriptBuildPhase;
			buildActionMask = 2147483647;
			files = (
			);
			inputPaths = (
				"${PODS_PODFILE_DIR_PATH}/Podfile.lock",
				"${PODS_ROOT}/Manifest.lock",
			);
			name = "[CP] Check Pods Manifest.lock";
			outputPaths = (
				"$(DERIVED_FILE_DIR)/Pods-dilidili-clientUITests-checkManifestLockResult.txt",
			);
			runOnlyForDeploymentPostprocessing = 0;
			shellPath = /bin/sh;
			shellScript = "diff \"${PODS_PODFILE_DIR_PATH}/Podfile.lock\" \"${PODS_ROOT}/Manifest.lock\" > /dev/null\nif [ $? != 0 ] ; then\n    # print error to STDERR\n    echo \"error: The sandbox is not in sync with the Podfile.lock. Run 'pod install' or update your CocoaPods installation.\" >&2\n    exit 1\nfi\n# This output is used by Xcode 'outputs' to avoid re-running this script phase.\necho \"SUCCESS\" > \"${SCRIPT_OUTPUT_FILE_0}\"\n";
			showEnvVarsInLog = 0;
		};
		ED9C463B876F60218D174396 /* [CP] Copy Pods Resources */ = {
			isa = PBXShellScriptBuildPhase;
			buildActionMask = 2147483647;
			files = (
			);
			inputPaths = (
			);
			name = "[CP] Copy Pods Resources";
			outputPaths = (
			);
			runOnlyForDeploymentPostprocessing = 0;
			shellPath = /bin/sh;
			shellScript = "\"${SRCROOT}/Pods/Target Support Files/Pods-dilidili-clientUITests/Pods-dilidili-clientUITests-resources.sh\"\n";
			showEnvVarsInLog = 0;
		};
/* End PBXShellScriptBuildPhase section */

/* Begin PBXSourcesBuildPhase section */
		9D094738208F34B40086B84C /* Sources */ = {
			isa = PBXSourcesBuildPhase;
			buildActionMask = 2147483647;
			files = (
				9D094742208F34B40086B84C /* ViewController.swift in Sources */,
				9D8D1CDF2090B84400340464 /* VideoPlayViewController.swift in Sources */,
				9D8D1CD92090A37F00340464 /* HomeViewCollectionCell.swift in Sources */,
				9D094740208F34B40086B84C /* AppDelegate.swift in Sources */,
				9DCB17D4208FB15800CF7562 /* MiniTabBarController.swift in Sources */,
				9DCB17CB208F9F9100CF7562 /* HomeViewController.swift in Sources */,
				9DCB17CD208F9FA000CF7562 /* MineViewController.swift in Sources */,
				9D8D1CE2209106A700340464 /* VideoPlayTableViewCell.swift in Sources */,
			);
			runOnlyForDeploymentPostprocessing = 0;
		};
		9D09474C208F34B60086B84C /* Sources */ = {
			isa = PBXSourcesBuildPhase;
			buildActionMask = 2147483647;
			files = (
				9D094755208F34B60086B84C /* dilidili_clientTests.swift in Sources */,
			);
			runOnlyForDeploymentPostprocessing = 0;
		};
		9D094757208F34B60086B84C /* Sources */ = {
			isa = PBXSourcesBuildPhase;
			buildActionMask = 2147483647;
			files = (
				9D094760208F34B60086B84C /* dilidili_clientUITests.swift in Sources */,
			);
			runOnlyForDeploymentPostprocessing = 0;
		};
/* End PBXSourcesBuildPhase section */

/* Begin PBXTargetDependency section */
		9D094752208F34B60086B84C /* PBXTargetDependency */ = {
			isa = PBXTargetDependency;
			target = 9D09473B208F34B40086B84C /* dilidili-client */;
			targetProxy = 9D094751208F34B60086B84C /* PBXContainerItemProxy */;
		};
		9D09475D208F34B60086B84C /* PBXTargetDependency */ = {
			isa = PBXTargetDependency;
			target = 9D09473B208F34B40086B84C /* dilidili-client */;
			targetProxy = 9D09475C208F34B60086B84C /* PBXContainerItemProxy */;
		};
/* End PBXTargetDependency section */

/* Begin PBXVariantGroup section */
		9D094743208F34B40086B84C /* Main.storyboard */ = {
			isa = PBXVariantGroup;
			children = (
				9D094744208F34B40086B84C /* Base */,
			);
			name = Main.storyboard;
			sourceTree = "<group>";
		};
		9D094748208F34B60086B84C /* LaunchScreen.storyboard */ = {
			isa = PBXVariantGroup;
			children = (
				9D094749208F34B60086B84C /* Base */,
			);
			name = LaunchScreen.storyboard;
			sourceTree = "<group>";
		};
/* End PBXVariantGroup section */

/* Begin XCBuildConfiguration section */
		9D094762208F34B60086B84C /* Debug */ = {
			isa = XCBuildConfiguration;
			buildSettings = {
				ALWAYS_SEARCH_USER_PATHS = NO;
				CLANG_ANALYZER_NONNULL = YES;
				CLANG_ANALYZER_NUMBER_OBJECT_CONVERSION = YES_AGGRESSIVE;
				CLANG_CXX_LANGUAGE_STANDARD = "gnu++14";
				CLANG_CXX_LIBRARY = "libc++";
				CLANG_ENABLE_MODULES = YES;
				CLANG_ENABLE_OBJC_ARC = YES;
				CLANG_ENABLE_OBJC_WEAK = YES;
				CLANG_WARN_BLOCK_CAPTURE_AUTORELEASING = YES;
				CLANG_WARN_BOOL_CONVERSION = YES;
				CLANG_WARN_COMMA = YES;
				CLANG_WARN_CONSTANT_CONVERSION = YES;
				CLANG_WARN_DEPRECATED_OBJC_IMPLEMENTATIONS = YES;
				CLANG_WARN_DIRECT_OBJC_ISA_USAGE = YES_ERROR;
				CLANG_WARN_DOCUMENTATION_COMMENTS = YES;
				CLANG_WARN_EMPTY_BODY = YES;
				CLANG_WARN_ENUM_CONVERSION = YES;
				CLANG_WARN_INFINITE_RECURSION = YES;
				CLANG_WARN_INT_CONVERSION = YES;
				CLANG_WARN_NON_LITERAL_NULL_CONVERSION = YES;
				CLANG_WARN_OBJC_IMPLICIT_RETAIN_SELF = YES;
				CLANG_WARN_OBJC_LITERAL_CONVERSION = YES;
				CLANG_WARN_OBJC_ROOT_CLASS = YES_ERROR;
				CLANG_WARN_RANGE_LOOP_ANALYSIS = YES;
				CLANG_WARN_STRICT_PROTOTYPES = YES;
				CLANG_WARN_SUSPICIOUS_MOVE = YES;
				CLANG_WARN_UNGUARDED_AVAILABILITY = YES_AGGRESSIVE;
				CLANG_WARN_UNREACHABLE_CODE = YES;
				CLANG_WARN__DUPLICATE_METHOD_MATCH = YES;
				CODE_SIGN_IDENTITY = "iPhone Developer";
				COPY_PHASE_STRIP = NO;
				DEBUG_INFORMATION_FORMAT = dwarf;
				ENABLE_STRICT_OBJC_MSGSEND = YES;
				ENABLE_TESTABILITY = YES;
				GCC_C_LANGUAGE_STANDARD = gnu11;
				GCC_DYNAMIC_NO_PIC = NO;
				GCC_NO_COMMON_BLOCKS = YES;
				GCC_OPTIMIZATION_LEVEL = 0;
				GCC_PREPROCESSOR_DEFINITIONS = (
					"DEBUG=1",
					"$(inherited)",
				);
				GCC_WARN_64_TO_32_BIT_CONVERSION = YES;
				GCC_WARN_ABOUT_RETURN_TYPE = YES_ERROR;
				GCC_WARN_UNDECLARED_SELECTOR = YES;
				GCC_WARN_UNINITIALIZED_AUTOS = YES_AGGRESSIVE;
				GCC_WARN_UNUSED_FUNCTION = YES;
				GCC_WARN_UNUSED_VARIABLE = YES;
				IPHONEOS_DEPLOYMENT_TARGET = 11.3;
				MTL_ENABLE_DEBUG_INFO = YES;
				ONLY_ACTIVE_ARCH = YES;
				SDKROOT = iphoneos;
				SWIFT_ACTIVE_COMPILATION_CONDITIONS = DEBUG;
				SWIFT_OPTIMIZATION_LEVEL = "-Onone";
				SWIFT_VERSION = "";
			};
			name = Debug;
		};
		9D094763208F34B60086B84C /* Release */ = {
			isa = XCBuildConfiguration;
			buildSettings = {
				ALWAYS_SEARCH_USER_PATHS = NO;
				CLANG_ANALYZER_NONNULL = YES;
				CLANG_ANALYZER_NUMBER_OBJECT_CONVERSION = YES_AGGRESSIVE;
				CLANG_CXX_LANGUAGE_STANDARD = "gnu++14";
				CLANG_CXX_LIBRARY = "libc++";
				CLANG_ENABLE_MODULES = YES;
				CLANG_ENABLE_OBJC_ARC = YES;
				CLANG_ENABLE_OBJC_WEAK = YES;
				CLANG_WARN_BLOCK_CAPTURE_AUTORELEASING = YES;
				CLANG_WARN_BOOL_CONVERSION = YES;
				CLANG_WARN_COMMA = YES;
				CLANG_WARN_CONSTANT_CONVERSION = YES;
				CLANG_WARN_DEPRECATED_OBJC_IMPLEMENTATIONS = YES;
				CLANG_WARN_DIRECT_OBJC_ISA_USAGE = YES_ERROR;
				CLANG_WARN_DOCUMENTATION_COMMENTS = YES;
				CLANG_WARN_EMPTY_BODY = YES;
				CLANG_WARN_ENUM_CONVERSION = YES;
				CLANG_WARN_INFINITE_RECURSION = YES;
				CLANG_WARN_INT_CONVERSION = YES;
				CLANG_WARN_NON_LITERAL_NULL_CONVERSION = YES;
				CLANG_WARN_OBJC_IMPLICIT_RETAIN_SELF = YES;
				CLANG_WARN_OBJC_LITERAL_CONVERSION = YES;
				CLANG_WARN_OBJC_ROOT_CLASS = YES_ERROR;
				CLANG_WARN_RANGE_LOOP_ANALYSIS = YES;
				CLANG_WARN_STRICT_PROTOTYPES = YES;
				CLANG_WARN_SUSPICIOUS_MOVE = YES;
				CLANG_WARN_UNGUARDED_AVAILABILITY = YES_AGGRESSIVE;
				CLANG_WARN_UNREACHABLE_CODE = YES;
				CLANG_WARN__DUPLICATE_METHOD_MATCH = YES;
				CODE_SIGN_IDENTITY = "iPhone Developer";
				COPY_PHASE_STRIP = NO;
				DEBUG_INFORMATION_FORMAT = "dwarf-with-dsym";
				ENABLE_NS_ASSERTIONS = NO;
				ENABLE_STRICT_OBJC_MSGSEND = YES;
				GCC_C_LANGUAGE_STANDARD = gnu11;
				GCC_NO_COMMON_BLOCKS = YES;
				GCC_WARN_64_TO_32_BIT_CONVERSION = YES;
				GCC_WARN_ABOUT_RETURN_TYPE = YES_ERROR;
				GCC_WARN_UNDECLARED_SELECTOR = YES;
				GCC_WARN_UNINITIALIZED_AUTOS = YES_AGGRESSIVE;
				GCC_WARN_UNUSED_FUNCTION = YES;
				GCC_WARN_UNUSED_VARIABLE = YES;
				IPHONEOS_DEPLOYMENT_TARGET = 11.3;
				MTL_ENABLE_DEBUG_INFO = NO;
				SDKROOT = iphoneos;
				SWIFT_COMPILATION_MODE = wholemodule;
				SWIFT_OPTIMIZATION_LEVEL = "-O";
				SWIFT_VERSION = "";
				VALIDATE_PRODUCT = YES;
			};
			name = Release;
		};
		9D094765208F34B60086B84C /* Debug */ = {
			isa = XCBuildConfiguration;
			baseConfigurationReference = 8A25178B47AFAB5FC1821AA8 /* Pods-dilidili-client.debug.xcconfig */;
			buildSettings = {
				ASSETCATALOG_COMPILER_APPICON_NAME = AppIcon;
				CODE_SIGN_ENTITLEMENTS = "dilidili-client/dilidili-client.entitlements";
				CODE_SIGN_IDENTITY = "iPhone Developer";
				CODE_SIGN_STYLE = Manual;
				DEFINES_MODULE = YES;
				DEVELOPMENT_TEAM = RBXZ3DLNZ7;
				INFOPLIST_FILE = "dilidili-client/Info.plist";
				LD_RUNPATH_SEARCH_PATHS = (
					"$(inherited)",
					"@executable_path/Frameworks",
				);
				PRODUCT_BUNDLE_IDENTIFIER = caoxuerui.dilidili.client;
				PRODUCT_NAME = "$(TARGET_NAME)";
				PROVISIONING_PROFILE = "193bca42-2412-4b39-9563-5daf13c28aad";
				PROVISIONING_PROFILE_SPECIFIER = "caoxuerui Test";
				SWIFT_OBJC_BRIDGING_HEADER = "";
				SWIFT_VERSION = 4.0;
				TARGETED_DEVICE_FAMILY = "1,2";
			};
			name = Debug;
		};
		9D094766208F34B60086B84C /* Release */ = {
			isa = XCBuildConfiguration;
			baseConfigurationReference = 41214CFB7DA6C577E9A62186 /* Pods-dilidili-client.release.xcconfig */;
			buildSettings = {
				ASSETCATALOG_COMPILER_APPICON_NAME = AppIcon;
				CODE_SIGN_ENTITLEMENTS = "dilidili-client/dilidili-client.entitlements";
				CODE_SIGN_IDENTITY = "iPhone Developer";
				CODE_SIGN_STYLE = Manual;
				DEFINES_MODULE = YES;
				DEVELOPMENT_TEAM = "";
				INFOPLIST_FILE = "dilidili-client/Info.plist";
				LD_RUNPATH_SEARCH_PATHS = (
					"$(inherited)",
					"@executable_path/Frameworks",
				);
				PRODUCT_BUNDLE_IDENTIFIER = caoxuerui.dilidili.client;
				PRODUCT_NAME = "$(TARGET_NAME)";
				PROVISIONING_PROFILE_SPECIFIER = "";
				SWIFT_OBJC_BRIDGING_HEADER = "";
				SWIFT_VERSION = 4.0;
				TARGETED_DEVICE_FAMILY = "1,2";
			};
			name = Release;
		};
		9D094768208F34B60086B84C /* Debug */ = {
			isa = XCBuildConfiguration;
			baseConfigurationReference = B3E238DC9474F52B97A508DC /* Pods-dilidili-clientTests.debug.xcconfig */;
			buildSettings = {
				ALWAYS_EMBED_SWIFT_STANDARD_LIBRARIES = YES;
				BUNDLE_LOADER = "$(TEST_HOST)";
				CODE_SIGN_STYLE = Automatic;
				INFOPLIST_FILE = "dilidili-clientTests/Info.plist";
				LD_RUNPATH_SEARCH_PATHS = (
					"$(inherited)",
					"@executable_path/Frameworks",
					"@loader_path/Frameworks",
				);
				PRODUCT_BUNDLE_IDENTIFIER = "caoxuerui.dilidili-clientTests";
				PRODUCT_NAME = "$(TARGET_NAME)";
				SWIFT_VERSION = 4.0;
				TARGETED_DEVICE_FAMILY = "1,2";
				TEST_HOST = "$(BUILT_PRODUCTS_DIR)/dilidili-client.app/dilidili-client";
			};
			name = Debug;
		};
		9D094769208F34B60086B84C /* Release */ = {
			isa = XCBuildConfiguration;
			baseConfigurationReference = F0268BFDFAB6490D7B0084A2 /* Pods-dilidili-clientTests.release.xcconfig */;
			buildSettings = {
				ALWAYS_EMBED_SWIFT_STANDARD_LIBRARIES = YES;
				BUNDLE_LOADER = "$(TEST_HOST)";
				CODE_SIGN_STYLE = Automatic;
				INFOPLIST_FILE = "dilidili-clientTests/Info.plist";
				LD_RUNPATH_SEARCH_PATHS = (
					"$(inherited)",
					"@executable_path/Frameworks",
					"@loader_path/Frameworks",
				);
				PRODUCT_BUNDLE_IDENTIFIER = "caoxuerui.dilidili-clientTests";
				PRODUCT_NAME = "$(TARGET_NAME)";
				SWIFT_VERSION = 4.0;
				TARGETED_DEVICE_FAMILY = "1,2";
				TEST_HOST = "$(BUILT_PRODUCTS_DIR)/dilidili-client.app/dilidili-client";
			};
			name = Release;
		};
		9D09476B208F34B60086B84C /* Debug */ = {
			isa = XCBuildConfiguration;
			baseConfigurationReference = 58947B21B29F02170EE69891 /* Pods-dilidili-clientUITests.debug.xcconfig */;
			buildSettings = {
				ALWAYS_EMBED_SWIFT_STANDARD_LIBRARIES = YES;
				CODE_SIGN_STYLE = Automatic;
				INFOPLIST_FILE = "dilidili-clientUITests/Info.plist";
				LD_RUNPATH_SEARCH_PATHS = (
					"$(inherited)",
					"@executable_path/Frameworks",
					"@loader_path/Frameworks",
				);
				PRODUCT_BUNDLE_IDENTIFIER = "caoxuerui.dilidili-clientUITests";
				PRODUCT_NAME = "$(TARGET_NAME)";
				SWIFT_VERSION = 4.0;
				TARGETED_DEVICE_FAMILY = "1,2";
				TEST_TARGET_NAME = "dilidili-client";
			};
			name = Debug;
		};
		9D09476C208F34B60086B84C /* Release */ = {
			isa = XCBuildConfiguration;
			baseConfigurationReference = DB39D6397B9557ADB011CB6D /* Pods-dilidili-clientUITests.release.xcconfig */;
			buildSettings = {
				ALWAYS_EMBED_SWIFT_STANDARD_LIBRARIES = YES;
				CODE_SIGN_STYLE = Automatic;
				INFOPLIST_FILE = "dilidili-clientUITests/Info.plist";
				LD_RUNPATH_SEARCH_PATHS = (
					"$(inherited)",
					"@executable_path/Frameworks",
					"@loader_path/Frameworks",
				);
				PRODUCT_BUNDLE_IDENTIFIER = "caoxuerui.dilidili-clientUITests";
				PRODUCT_NAME = "$(TARGET_NAME)";
				SWIFT_VERSION = 4.0;
				TARGETED_DEVICE_FAMILY = "1,2";
				TEST_TARGET_NAME = "dilidili-client";
			};
			name = Release;
		};
/* End XCBuildConfiguration section */

/* Begin XCConfigurationList section */
		9D094737208F34B40086B84C /* Build configuration list for PBXProject "dilidili-client" */ = {
			isa = XCConfigurationList;
			buildConfigurations = (
				9D094762208F34B60086B84C /* Debug */,
				9D094763208F34B60086B84C /* Release */,
			);
			defaultConfigurationIsVisible = 0;
			defaultConfigurationName = Release;
		};
		9D094764208F34B60086B84C /* Build configuration list for PBXNativeTarget "dilidili-client" */ = {
			isa = XCConfigurationList;
			buildConfigurations = (
				9D094765208F34B60086B84C /* Debug */,
				9D094766208F34B60086B84C /* Release */,
			);
			defaultConfigurationIsVisible = 0;
			defaultConfigurationName = Release;
		};
		9D094767208F34B60086B84C /* Build configuration list for PBXNativeTarget "dilidili-clientTests" */ = {
			isa = XCConfigurationList;
			buildConfigurations = (
				9D094768208F34B60086B84C /* Debug */,
				9D094769208F34B60086B84C /* Release */,
			);
			defaultConfigurationIsVisible = 0;
			defaultConfigurationName = Release;
		};
		9D09476A208F34B60086B84C /* Build configuration list for PBXNativeTarget "dilidili-clientUITests" */ = {
			isa = XCConfigurationList;
			buildConfigurations = (
				9D09476B208F34B60086B84C /* Debug */,
				9D09476C208F34B60086B84C /* Release */,
			);
			defaultConfigurationIsVisible = 0;
			defaultConfigurationName = Release;
		};
/* End XCConfigurationList section */
	};
	rootObject = 9D094734208F34B40086B84C /* Project object */;
}
